
Microsoft Visual Studio Solution File, Format Version 12.00
Project("{FAE04EC0-301F-11D3-BF4B-00C04F79EFBC}") = "Auth", "Auth\Auth.csproj", "{A21ED194-8BA7-4061-9D92-284FBF832D31}"
EndProject
Project("{2150E333-8FDC-42A3-9474-1A3956D46DE8}") = "Solution Items", "Solution Items", "{2B440B5F-7B40-4167-B59C-7B9E89AF87E6}"
	ProjectSection(SolutionItems) = preProject
		docker-compose.yml = docker-compose.yml
	EndProjectSection
EndProject
Project("{FAE04EC0-301F-11D3-BF4B-00C04F79EFBC}") = "Tests", "Tests\Tests.csproj", "{848D0039-2F47-4284-A185-4473E081D226}"
EndProject
Global
	GlobalSection(SolutionConfigurationPlatforms) = preSolution
		Debug|Any CPU = Debug|Any CPU
		Release|Any CPU = Release|Any CPU
	EndGlobalSection
	GlobalSection(ProjectConfigurationPlatforms) = postSolution
		{A21ED194-8BA7-4061-9D92-284FBF832D31}.Debug|Any CPU.ActiveCfg = Debug|Any CPU
		{A21ED194-8BA7-4061-9D92-284FBF832D31}.Debug|Any CPU.Build.0 = Debug|Any CPU
		{A21ED194-8BA7-4061-9D92-284FBF832D31}.Release|Any CPU.ActiveCfg = Release|Any CPU
		{A21ED194-8BA7-4061-9D92-284FBF832D31}.Release|Any CPU.Build.0 = Release|Any CPU
		{848D0039-2F47-4284-A185-4473E081D226}.Debug|Any CPU.ActiveCfg = Debug|Any CPU
		{848D0039-2F47-4284-A185-4473E081D226}.Debug|Any CPU.Build.0 = Debug|Any CPU
		{848D0039-2F47-4284-A185-4473E081D226}.Release|Any CPU.ActiveCfg = Release|Any CPU
		{848D0039-2F47-4284-A185-4473E081D226}.Release|Any CPU.Build.0 = Release|Any CPU
	EndGlobalSection
EndGlobal
